{
  "version": 4,
  "terraform_version": "1.10.5",
  "serial": 63,
  "lineage": "163997c4-c602-7398-519c-603c33e2765b",
  "outputs": {},
  "resources": [
    {
      "mode": "managed",
      "type": "azurerm_cognitive_account",
      "name": "openai",
      "provider": "provider[\"registry.terraform.io/hashicorp/azurerm\"]",
      "instances": [
        {
          "schema_version": 0,
          "attributes": {
            "custom_question_answering_search_service_id": "",
            "custom_question_answering_search_service_key": null,
            "custom_subdomain_name": "",
            "customer_managed_key": [],
            "dynamic_throttling_enabled": false,
            "endpoint": "https://southindia.api.cognitive.microsoft.com/",
            "fqdns": null,
            "id": "/subscriptions/8f89dc1c-8ed0-486f-a6e9-cba4c853fe5b/resourceGroups/hackviolet-resources/providers/Microsoft.CognitiveServices/accounts/women-assistance-agent",
            "identity": [
              {
                "identity_ids": null,
                "principal_id": "b2c3db62-500d-469c-b70d-207e89b69ef6",
                "tenant_id": "60956884-10ad-40fa-863d-4f32c1e3a37a",
                "type": "SystemAssigned"
              }
            ],
            "kind": "OpenAI",
            "local_auth_enabled": true,
            "location": "southindia",
            "metrics_advisor_aad_client_id": "",
            "metrics_advisor_aad_tenant_id": "",
            "metrics_advisor_super_user_name": "",
            "metrics_advisor_website_name": "",
            "name": "women-assistance-agent",
            "network_acls": [],
            "outbound_network_access_restricted": false,
            "primary_access_key": "560c561a8895450eab16d2f748c0928e",
            "public_network_access_enabled": true,
            "qna_runtime_endpoint": "",
            "resource_group_name": "hackviolet-resources",
            "secondary_access_key": "bdffc517d0d241739ca6c5597575c2cb",
            "sku_name": "S0",
            "storage": [],
            "tags": {
              "Acceptance": "Test",
              "Prefix": "hackviolet"
            },
            "timeouts": null
          },
          "sensitive_attributes": [
            [
              {
                "type": "get_attr",
                "value": "custom_question_answering_search_service_key"
              }
            ],
            [
              {
                "type": "get_attr",
                "value": "secondary_access_key"
              }
            ],
            [
              {
                "type": "get_attr",
                "value": "primary_access_key"
              }
            ]
          ],
          "private": "eyJlMmJmYjczMC1lY2FhLTExZTYtOGY4OC0zNDM2M2JjN2M0YzAiOnsiY3JlYXRlIjoxODAwMDAwMDAwMDAwLCJkZWxldGUiOjE4MDAwMDAwMDAwMDAsInJlYWQiOjMwMDAwMDAwMDAwMCwidXBkYXRlIjoxODAwMDAwMDAwMDAwfX0=",
          "dependencies": [
            "azurerm_resource_group.rg"
          ]
        }
      ]
    },
    {
      "mode": "managed",
      "type": "azurerm_resource_group",
      "name": "rg",
      "provider": "provider[\"registry.terraform.io/hashicorp/azurerm\"]",
      "instances": [
        {
          "schema_version": 0,
          "attributes": {
            "id": "/subscriptions/8f89dc1c-8ed0-486f-a6e9-cba4c853fe5b/resourceGroups/hackviolet-resources",
            "location": "southindia",
            "managed_by": "",
            "name": "hackviolet-resources",
            "tags": {},
            "timeouts": null
          },
          "sensitive_attributes": [],
          "private": "eyJlMmJmYjczMC1lY2FhLTExZTYtOGY4OC0zNDM2M2JjN2M0YzAiOnsiY3JlYXRlIjo1NDAwMDAwMDAwMDAwLCJkZWxldGUiOjU0MDAwMDAwMDAwMDAsInJlYWQiOjMwMDAwMDAwMDAwMCwidXBkYXRlIjo1NDAwMDAwMDAwMDAwfX0="
        }
      ]
    }
  ],
  "check_results": null
}
